
Microsoft Visual Studio Solution File, Format Version 12.00
# Visual Studio Version 17
VisualStudioVersion = 17.3.32825.248
MinimumVisualStudioVersion = 10.0.40219.1
Project("{FAE04EC0-301F-11D3-BF4B-00C04F79EFBC}") = "Industry Machine Park", "Industry Machine Park\Industry Machine Park.csproj", "{9053B004-B782-4A67-A4A5-3E51B50BC03B}"
EndProject
Project("{FAE04EC0-301F-11D3-BF4B-00C04F79EFBC}") = "Industry Machine Park.Shared", "Industry Machine Park.Shared\Industry Machine Park.Shared.csproj", "{6199101C-8E18-4A23-A87F-FE9FABCF76B1}"
EndProject
Project("{FAE04EC0-301F-11D3-BF4B-00C04F79EFBC}") = "Industry Machine Park.Server", "Industry Machine Park.Server\Industry Machine Park.Server.csproj", "{ACB81473-B847-467E-B995-42790A7CE72E}"
EndProject
Global
	GlobalSection(SolutionConfigurationPlatforms) = preSolution
		Debug|Any CPU = Debug|Any CPU
		Release|Any CPU = Release|Any CPU
	EndGlobalSection
	GlobalSection(ProjectConfigurationPlatforms) = postSolution
		{9053B004-B782-4A67-A4A5-3E51B50BC03B}.Debug|Any CPU.ActiveCfg = Debug|Any CPU
		{9053B004-B782-4A67-A4A5-3E51B50BC03B}.Debug|Any CPU.Build.0 = Debug|Any CPU
		{9053B004-B782-4A67-A4A5-3E51B50BC03B}.Release|Any CPU.ActiveCfg = Release|Any CPU
		{9053B004-B782-4A67-A4A5-3E51B50BC03B}.Release|Any CPU.Build.0 = Release|Any CPU
		{6199101C-8E18-4A23-A87F-FE9FABCF76B1}.Debug|Any CPU.ActiveCfg = Debug|Any CPU
		{6199101C-8E18-4A23-A87F-FE9FABCF76B1}.Debug|Any CPU.Build.0 = Debug|Any CPU
		{6199101C-8E18-4A23-A87F-FE9FABCF76B1}.Release|Any CPU.ActiveCfg = Release|Any CPU
		{6199101C-8E18-4A23-A87F-FE9FABCF76B1}.Release|Any CPU.Build.0 = Release|Any CPU
		{ACB81473-B847-467E-B995-42790A7CE72E}.Debug|Any CPU.ActiveCfg = Debug|Any CPU
		{ACB81473-B847-467E-B995-42790A7CE72E}.Debug|Any CPU.Build.0 = Debug|Any CPU
		{ACB81473-B847-467E-B995-42790A7CE72E}.Release|Any CPU.ActiveCfg = Release|Any CPU
		{ACB81473-B847-467E-B995-42790A7CE72E}.Release|Any CPU.Build.0 = Release|Any CPU
	EndGlobalSection
	GlobalSection(SolutionProperties) = preSolution
		HideSolutionNode = FALSE
	EndGlobalSection
	GlobalSection(ExtensibilityGlobals) = postSolution
		SolutionGuid = {016AF001-DD32-41EA-9094-473C56BB51D2}
	EndGlobalSection
EndGlobal
